# This file was autogenerated by Stack.
# You should not edit this file by hand.
# For more information, please see the documentation at:
#   https://docs.haskellstack.org/en/stable/lock_files

packages:
- completed:
    pantry-tree:
      sha256: f1445c8b869d022d2ea9019624b095775b60e2d4282097bf5b7ffaf752518d85
      size: 275
    hackage: bindings-gpgme-0.1.8@sha256:91ce499f1fd03129663f52dfbebd843502aba77e2c52e1da44f976db64ca2fc3,1114
  original:
    hackage: bindings-gpgme-0.1.8
snapshots:
- completed:
    sha256: 428ec8d5ce932190d3cbe266b9eb3c175cd81e984babf876b64019e2cbe4ea68
    size: 590100
    url: https://raw.githubusercontent.com/commercialhaskell/stackage-snapshots/master/lts/18/28.yaml
  original: lts-18.28
